// !$*UTF8*$!
{
	archiveVersion = 1;
	classes = {
	};
	objectVersion = 56;
	objects = {

/* Begin PBXBuildFile section */
		6913D1AA2AF4648B0076646A /* ChitChatApp.swift in Sources */ = {isa = PBXBuildFile; fileRef = 6913D1A92AF4648B0076646A /* ChitChatApp.swift */; };
		6913D1AC2AF4648B0076646A /* ContentView.swift in Sources */ = {isa = PBXBuildFile; fileRef = 6913D1AB2AF4648B0076646A /* ContentView.swift */; };
		6913D1AE2AF4648C0076646A /* Assets.xcassets in Resources */ = {isa = PBXBuildFile; fileRef = 6913D1AD2AF4648C0076646A /* Assets.xcassets */; };
		6913D1B12AF4648C0076646A /* Preview Assets.xcassets in Resources */ = {isa = PBXBuildFile; fileRef = 6913D1B02AF4648C0076646A /* Preview Assets.xcassets */; };
		6913D1BB2AF4648D0076646A /* ChitChatTests.swift in Sources */ = {isa = PBXBuildFile; fileRef = 6913D1BA2AF4648D0076646A /* ChitChatTests.swift */; };
		6913D1C52AF4648D0076646A /* ChitChatUITests.swift in Sources */ = {isa = PBXBuildFile; fileRef = 6913D1C42AF4648D0076646A /* ChitChatUITests.swift */; };
		6913D1C72AF4648D0076646A /* ChitChatUITestsLaunchTests.swift in Sources */ = {isa = PBXBuildFile; fileRef = 6913D1C62AF4648D0076646A /* ChitChatUITestsLaunchTests.swift */; };
/* End PBXBuildFile section */

/* Begin PBXContainerItemProxy section */
		6913D1B72AF4648D0076646A /* PBXContainerItemProxy */ = {
			isa = PBXContainerItemProxy;
			containerPortal = 6913D19E2AF4648B0076646A /* Project object */;
			proxyType = 1;
			remoteGlobalIDString = 6913D1A52AF4648B0076646A;
			remoteInfo = ChitChat;
		};
		6913D1C12AF4648D0076646A /* PBXContainerItemProxy */ = {
			isa = PBXContainerItemProxy;
			containerPortal = 6913D19E2AF4648B0076646A /* Project object */;
			proxyType = 1;
			remoteGlobalIDString = 6913D1A52AF4648B0076646A;
			remoteInfo = ChitChat;
		};
/* End PBXContainerItemProxy section */

/* Begin PBXFileReference section */
		6913D1A62AF4648B0076646A /* ChitChat.app */ = {isa = PBXFileReference; explicitFileType = wrapper.application; includeInIndex = 0; path = ChitChat.app; sourceTree = BUILT_PRODUCTS_DIR; };
		6913D1A92AF4648B0076646A /* ChitChatApp.swift */ = {isa = PBXFileReference; lastKnownFileType = sourcecode.swift; path = ChitChatApp.swift; sourceTree = "<group>"; };
		6913D1AB2AF4648B0076646A /* ContentView.swift */ = {isa = PBXFileReference; lastKnownFileType = sourcecode.swift; path = ContentView.swift; sourceTree = "<group>"; };
		6913D1AD2AF4648C0076646A /* Assets.xcassets */ = {isa = PBXFileReference; lastKnownFileType = folder.assetcatalog; path = Assets.xcassets; sourceTree = "<group>"; };
		6913D1B02AF4648C0076646A /* Preview Assets.xcassets */ = {isa = PBXFileReference; lastKnownFileType = folder.assetcatalog; path = "Preview Assets.xcassets"; sourceTree = "<group>"; };
		6913D1B62AF4648D0076646A /* ChitChatTests.xctest */ = {isa = PBXFileReference; explicitFileType = wrapper.cfbundle; includeInIndex = 0; path = ChitChatTests.xctest; sourceTree = BUILT_PRODUCTS_DIR; };
		6913D1BA2AF4648D0076646A /* ChitChatTests.swift */ = {isa = PBXFileReference; lastKnownFileType = sourcecode.swift; path = ChitChatTests.swift; sourceTree = "<group>"; };
		6913D1C02AF4648D0076646A /* ChitChatUITests.xctest */ = {isa = PBXFileReference; explicitFileType = wrapper.cfbundle; includeInIndex = 0; path = ChitChatUITests.xctest; sourceTree = BUILT_PRODUCTS_DIR; };
		6913D1C42AF4648D0076646A /* ChitChatUITests.swift */ = {isa = PBXFileReference; lastKnownFileType = sourcecode.swift; path = ChitChatUITests.swift; sourceTree = "<group>"; };
		6913D1C62AF4648D0076646A /* ChitChatUITestsLaunchTests.swift */ = {isa = PBXFileReference; lastKnownFileType = sourcecode.swift; path = ChitChatUITestsLaunchTests.swift; sourceTree = "<group>"; };
/* End PBXFileReference section */

/* Begin PBXFrameworksBuildPhase section */
		6913D1A32AF4648B0076646A /* Frameworks */ = {
			isa = PBXFrameworksBuildPhase;
			buildActionMask = 2147483647;
			files = (
			);
			runOnlyForDeploymentPostprocessing = 0;
		};
		6913D1B32AF4648D0076646A /* Frameworks */ = {
			isa = PBXFrameworksBuildPhase;
			buildActionMask = 2147483647;
			files = (
			);
			runOnlyForDeploymentPostprocessing = 0;
		};
		6913D1BD2AF4648D0076646A /* Frameworks */ = {
			isa = PBXFrameworksBuildPhase;
			buildActionMask = 2147483647;
			files = (
			);
			runOnlyForDeploymentPostprocessing = 0;
		};
/* End PBXFrameworksBuildPhase section */

/* Begin PBXGroup section */
		6913D19D2AF4648B0076646A = {
			isa = PBXGroup;
			children = (
				6913D1A82AF4648B0076646A /* ChitChat */,
				6913D1B92AF4648D0076646A /* ChitChatTests */,
				6913D1C32AF4648D0076646A /* ChitChatUITests */,
				6913D1A72AF4648B0076646A /* Products */,
			);
			sourceTree = "<group>";
		};
		6913D1A72AF4648B0076646A /* Products */ = {
			isa = PBXGroup;
			children = (
				6913D1A62AF4648B0076646A /* ChitChat.app */,
				6913D1B62AF4648D0076646A /* ChitChatTests.xctest */,
				6913D1C02AF4648D0076646A /* ChitChatUITests.xctest */,
			);
			name = Products;
			sourceTree = "<group>";
		};
		6913D1A82AF4648B0076646A /* ChitChat */ = {
			isa = PBXGroup;
			children = (
				6913D1A92AF4648B0076646A /* ChitChatApp.swift */,
				6913D1AB2AF4648B0076646A /* ContentView.swift */,
				6913D1AD2AF4648C0076646A /* Assets.xcassets */,
				6913D1AF2AF4648C0076646A /* Preview Content */,
			);
			path = ChitChat;
			sourceTree = "<group>";
		};
		6913D1AF2AF4648C0076646A /* Preview Content */ = {
			isa = PBXGroup;
			children = (
				6913D1B02AF4648C0076646A /* Preview Assets.xcassets */,
			);
			path = "Preview Content";
			sourceTree = "<group>";
		};
		6913D1B92AF4648D0076646A /* ChitChatTests */ = {
			isa = PBXGroup;
			children = (
				6913D1BA2AF4648D0076646A /* ChitChatTests.swift */,
			);
			path = ChitChatTests;
			sourceTree = "<group>";
		};
		6913D1C32AF4648D0076646A /* ChitChatUITests */ = {
			isa = PBXGroup;
			children = (
				6913D1C42AF4648D0076646A /* ChitChatUITests.swift */,
				6913D1C62AF4648D0076646A /* ChitChatUITestsLaunchTests.swift */,
			);
			path = ChitChatUITests;
			sourceTree = "<group>";
		};
/* End PBXGroup section */

/* Begin PBXNativeTarget section */
		6913D1A52AF4648B0076646A /* ChitChat */ = {
			isa = PBXNativeTarget;
			buildConfigurationList = 6913D1CA2AF4648D0076646A /* Build configuration list for PBXNativeTarget "ChitChat" */;
			buildPhases = (
				6913D1A22AF4648B0076646A /* Sources */,
				6913D1A32AF4648B0076646A /* Frameworks */,
				6913D1A42AF4648B0076646A /* Resources */,
			);
			buildRules = (
			);
			dependencies = (
			);
			name = ChitChat;
			productName = ChitChat;
			productReference = 6913D1A62AF4648B0076646A /* ChitChat.app */;
			productType = "com.apple.product-type.application";
		};
		6913D1B52AF4648D0076646A /* ChitChatTests */ = {
			isa = PBXNativeTarget;
			buildConfigurationList = 6913D1CD2AF4648D0076646A /* Build configuration list for PBXNativeTarget "ChitChatTests" */;
			buildPhases = (
				6913D1B22AF4648D0076646A /* Sources */,
				6913D1B32AF4648D0076646A /* Frameworks */,
				6913D1B42AF4648D0076646A /* Resources */,
			);
			buildRules = (
			);
			dependencies = (
				6913D1B82AF4648D0076646A /* PBXTargetDependency */,
			);
			name = ChitChatTests;
			productName = ChitChatTests;
			productReference = 6913D1B62AF4648D0076646A /* ChitChatTests.xctest */;
			productType = "com.apple.product-type.bundle.unit-test";
		};
		6913D1BF2AF4648D0076646A /* ChitChatUITests */ = {
			isa = PBXNativeTarget;
			buildConfigurationList = 6913D1D02AF4648D0076646A /* Build configuration list for PBXNativeTarget "ChitChatUITests" */;
			buildPhases = (
				6913D1BC2AF4648D0076646A /* Sources */,
				6913D1BD2AF4648D0076646A /* Frameworks */,
				6913D1BE2AF4648D0076646A /* Resources */,
			);
			buildRules = (
			);
			dependencies = (
				6913D1C22AF4648D0076646A /* PBXTargetDependency */,
			);
			name = ChitChatUITests;
			productName = ChitChatUITests;
			productReference = 6913D1C02AF4648D0076646A /* ChitChatUITests.xctest */;
			productType = "com.apple.product-type.bundle.ui-testing";
		};
/* End PBXNativeTarget section */

/* Begin PBXProject section */
		6913D19E2AF4648B0076646A /* Project object */ = {
			isa = PBXProject;
			attributes = {
				BuildIndependentTargetsInParallel = 1;
				LastSwiftUpdateCheck = 1500;
				LastUpgradeCheck = 1500;
				TargetAttributes = {
					6913D1A52AF4648B0076646A = {
						CreatedOnToolsVersion = 15.0;
					};
					6913D1B52AF4648D0076646A = {
						CreatedOnToolsVersion = 15.0;
						TestTargetID = 6913D1A52AF4648B0076646A;
					};
					6913D1BF2AF4648D0076646A = {
						CreatedOnToolsVersion = 15.0;
						TestTargetID = 6913D1A52AF4648B0076646A;
					};
				};
			};
			buildConfigurationList = 6913D1A12AF4648B0076646A /* Build configuration list for PBXProject "ChitChat" */;
			compatibilityVersion = "Xcode 14.0";
			developmentRegion = en;
			hasScannedForEncodings = 0;
			knownRegions = (
				en,
				Base,
			);
			mainGroup = 6913D19D2AF4648B0076646A;
			productRefGroup = 6913D1A72AF4648B0076646A /* Products */;
			projectDirPath = "";
			projectRoot = "";
			targets = (
				6913D1A52AF4648B0076646A /* ChitChat */,
				6913D1B52AF4648D0076646A /* ChitChatTests */,
				6913D1BF2AF4648D0076646A /* ChitChatUITests */,
			);
		};
/* End PBXProject section */

/* Begin PBXResourcesBuildPhase section */
		6913D1A42AF4648B0076646A /* Resources */ = {
			isa = PBXResourcesBuildPhase;
			buildActionMask = 2147483647;
			files = (
				6913D1B12AF4648C0076646A /* Preview Assets.xcassets in Resources */,
				6913D1AE2AF4648C0076646A /* Assets.xcassets in Resources */,
			);
			runOnlyForDeploymentPostprocessing = 0;
		};
		6913D1B42AF4648D0076646A /* Resources */ = {
			isa = PBXResourcesBuildPhase;
			buildActionMask = 2147483647;
			files = (
			);
			runOnlyForDeploymentPostprocessing = 0;
		};
		6913D1BE2AF4648D0076646A /* Resources */ = {
			isa = PBXResourcesBuildPhase;
			buildActionMask = 2147483647;
			files = (
			);
			runOnlyForDeploymentPostprocessing = 0;
		};
/* End PBXResourcesBuildPhase section */

/* Begin PBXSourcesBuildPhase section */
		6913D1A22AF4648B0076646A /* Sources */ = {
			isa = PBXSourcesBuildPhase;
			buildActionMask = 2147483647;
			files = (
				6913D1AC2AF4648B0076646A /* ContentView.swift in Sources */,
				6913D1AA2AF4648B0076646A /* ChitChatApp.swift in Sources */,
			);
			runOnlyForDeploymentPostprocessing = 0;
		};
		6913D1B22AF4648D0076646A /* Sources */ = {
			isa = PBXSourcesBuildPhase;
			buildActionMask = 2147483647;
			files = (
				6913D1BB2AF4648D0076646A /* ChitChatTests.swift in Sources */,
			);
			runOnlyForDeploymentPostprocessing = 0;
		};
		6913D1BC2AF4648D0076646A /* Sources */ = {
			isa = PBXSourcesBuildPhase;
			buildActionMask = 2147483647;
			files = (
				6913D1C72AF4648D0076646A /* ChitChatUITestsLaunchTests.swift in Sources */,
				6913D1C52AF4648D0076646A /* ChitChatUITests.swift in Sources */,
			);
			runOnlyForDeploymentPostprocessing = 0;
		};
/* End PBXSourcesBuildPhase section */

/* Begin PBXTargetDependency section */
		6913D1B82AF4648D0076646A /* PBXTargetDependency */ = {
			isa = PBXTargetDependency;
			target = 6913D1A52AF4648B0076646A /* ChitChat */;
			targetProxy = 6913D1B72AF4648D0076646A /* PBXContainerItemProxy */;
		};
		6913D1C22AF4648D0076646A /* PBXTargetDependency */ = {
			isa = PBXTargetDependency;
			target = 6913D1A52AF4648B0076646A /* ChitChat */;
			targetProxy = 6913D1C12AF4648D0076646A /* PBXContainerItemProxy */;
		};
/* End PBXTargetDependency section */

/* Begin XCBuildConfiguration section */
		6913D1C82AF4648D0076646A /* Debug */ = {
			isa = XCBuildConfiguration;
			buildSettings = {
				ALWAYS_SEARCH_USER_PATHS = NO;
				ASSETCATALOG_COMPILER_GENERATE_SWIFT_ASSET_SYMBOL_EXTENSIONS = YES;
				CLANG_ANALYZER_NONNULL = YES;
				CLANG_ANALYZER_NUMBER_OBJECT_CONVERSION = YES_AGGRESSIVE;
				CLANG_CXX_LANGUAGE_STANDARD = "gnu++20";
				CLANG_ENABLE_MODULES = YES;
				CLANG_ENABLE_OBJC_ARC = YES;
				CLANG_ENABLE_OBJC_WEAK = YES;
				CLANG_WARN_BLOCK_CAPTURE_AUTORELEASING = YES;
				CLANG_WARN_BOOL_CONVERSION = YES;
				CLANG_WARN_COMMA = YES;
				CLANG_WARN_CONSTANT_CONVERSION = YES;
				CLANG_WARN_DEPRECATED_OBJC_IMPLEMENTATIONS = YES;
				CLANG_WARN_DIRECT_OBJC_ISA_USAGE = YES_ERROR;
				CLANG_WARN_DOCUMENTATION_COMMENTS = YES;
				CLANG_WARN_EMPTY_BODY = YES;
				CLANG_WARN_ENUM_CONVERSION = YES;
				CLANG_WARN_INFINITE_RECURSION = YES;
				CLANG_WARN_INT_CONVERSION = YES;
				CLANG_WARN_NON_LITERAL_NULL_CONVERSION = YES;
				CLANG_WARN_OBJC_IMPLICIT_RETAIN_SELF = YES;
				CLANG_WARN_OBJC_LITERAL_CONVERSION = YES;
				CLANG_WARN_OBJC_ROOT_CLASS = YES_ERROR;
				CLANG_WARN_QUOTED_INCLUDE_IN_FRAMEWORK_HEADER = YES;
				CLANG_WARN_RANGE_LOOP_ANALYSIS = YES;
				CLANG_WARN_STRICT_PROTOTYPES = YES;
				CLANG_WARN_SUSPICIOUS_MOVE = YES;
				CLANG_WARN_UNGUARDED_AVAILABILITY = YES_AGGRESSIVE;
				CLANG_WARN_UNREACHABLE_CODE = YES;
				CLANG_WARN__DUPLICATE_METHOD_MATCH = YES;
				COPY_PHASE_STRIP = NO;
				DEBUG_INFORMATION_FORMAT = dwarf;
				ENABLE_STRICT_OBJC_MSGSEND = YES;
				ENABLE_TESTABILITY = YES;
				ENABLE_USER_SCRIPT_SANDBOXING = YES;
				GCC_C_LANGUAGE_STANDARD = gnu17;
				GCC_DYNAMIC_NO_PIC = NO;
				GCC_NO_COMMON_BLOCKS = YES;
				GCC_OPTIMIZATION_LEVEL = 0;
				GCC_PREPROCESSOR_DEFINITIONS = (
					"DEBUG=1",
					"$(inherited)",
				);
				GCC_WARN_64_TO_32_BIT_CONVERSION = YES;
				GCC_WARN_ABOUT_RETURN_TYPE = YES_ERROR;
				GCC_WARN_UNDECLARED_SELECTOR = YES;
				GCC_WARN_UNINITIALIZED_AUTOS = YES_AGGRESSIVE;
				GCC_WARN_UNUSED_FUNCTION = YES;
				GCC_WARN_UNUSED_VARIABLE = YES;
				IPHONEOS_DEPLOYMENT_TARGET = 17.0;
				LOCALIZATION_PREFERS_STRING_CATALOGS = YES;
				MTL_ENABLE_DEBUG_INFO = INCLUDE_SOURCE;
				MTL_FAST_MATH = YES;
				ONLY_ACTIVE_ARCH = YES;
				SDKROOT = iphoneos;
				SWIFT_ACTIVE_COMPILATION_CONDITIONS = "DEBUG $(inherited)";
				SWIFT_OPTIMIZATION_LEVEL = "-Onone";
			};
			name = Debug;
		};
		6913D1C92AF4648D0076646A /* Release */ = {
			isa = XCBuildConfiguration;
			buildSettings = {
				ALWAYS_SEARCH_USER_PATHS = NO;
				ASSETCATALOG_COMPILER_GENERATE_SWIFT_ASSET_SYMBOL_EXTENSIONS = YES;
				CLANG_ANALYZER_NONNULL = YES;
				CLANG_ANALYZER_NUMBER_OBJECT_CONVERSION = YES_AGGRESSIVE;
				CLANG_CXX_LANGUAGE_STANDARD = "gnu++20";
				CLANG_ENABLE_MODULES = YES;
				CLANG_ENABLE_OBJC_ARC = YES;
				CLANG_ENABLE_OBJC_WEAK = YES;
				CLANG_WARN_BLOCK_CAPTURE_AUTORELEASING = YES;
				CLANG_WARN_BOOL_CONVERSION = YES;
				CLANG_WARN_COMMA = YES;
				CLANG_WARN_CONSTANT_CONVERSION = YES;
				CLANG_WARN_DEPRECATED_OBJC_IMPLEMENTATIONS = YES;
				CLANG_WARN_DIRECT_OBJC_ISA_USAGE = YES_ERROR;
				CLANG_WARN_DOCUMENTATION_COMMENTS = YES;
				CLANG_WARN_EMPTY_BODY = YES;
				CLANG_WARN_ENUM_CONVERSION = YES;
				CLANG_WARN_INFINITE_RECURSION = YES;
				CLANG_WARN_INT_CONVERSION = YES;
				CLANG_WARN_NON_LITERAL_NULL_CONVERSION = YES;
				CLANG_WARN_OBJC_IMPLICIT_RETAIN_SELF = YES;
				CLANG_WARN_OBJC_LITERAL_CONVERSION = YES;
				CLANG_WARN_OBJC_ROOT_CLASS = YES_ERROR;
				CLANG_WARN_QUOTED_INCLUDE_IN_FRAMEWORK_HEADER = YES;
				CLANG_WARN_RANGE_LOOP_ANALYSIS = YES;
				CLANG_WARN_STRICT_PROTOTYPES = YES;
				CLANG_WARN_SUSPICIOUS_MOVE = YES;
				CLANG_WARN_UNGUARDED_AVAILABILITY = YES_AGGRESSIVE;
				CLANG_WARN_UNREACHABLE_CODE = YES;
				CLANG_WARN__DUPLICATE_METHOD_MATCH = YES;
				COPY_PHASE_STRIP = NO;
				DEBUG_INFORMATION_FORMAT = "dwarf-with-dsym";
				ENABLE_NS_ASSERTIONS = NO;
				ENABLE_STRICT_OBJC_MSGSEND = YES;
				ENABLE_USER_SCRIPT_SANDBOXING = YES;
				GCC_C_LANGUAGE_STANDARD = gnu17;
				GCC_NO_COMMON_BLOCKS = YES;
				GCC_WARN_64_TO_32_BIT_CONVERSION = YES;
				GCC_WARN_ABOUT_RETURN_TYPE = YES_ERROR;
				GCC_WARN_UNDECLARED_SELECTOR = YES;
				GCC_WARN_UNINITIALIZED_AUTOS = YES_AGGRESSIVE;
				GCC_WARN_UNUSED_FUNCTION = YES;
				GCC_WARN_UNUSED_VARIABLE = YES;
				IPHONEOS_DEPLOYMENT_TARGET = 17.0;
				LOCALIZATION_PREFERS_STRING_CATALOGS = YES;
				MTL_ENABLE_DEBUG_INFO = NO;
				MTL_FAST_MATH = YES;
				SDKROOT = iphoneos;
				SWIFT_COMPILATION_MODE = wholemodule;
				VALIDATE_PRODUCT = YES;
			};
			name = Release;
		};
		6913D1CB2AF4648D0076646A /* Debug */ = {
			isa = XCBuildConfiguration;
			buildSettings = {
				ASSETCATALOG_COMPILER_APPICON_NAME = AppIcon;
				ASSETCATALOG_COMPILER_GLOBAL_ACCENT_COLOR_NAME = AccentColor;
				CODE_SIGN_STYLE = Automatic;
				CURRENT_PROJECT_VERSION = 1;
				DEVELOPMENT_ASSET_PATHS = "\"ChitChat/Preview Content\"";
				DEVELOPMENT_TEAM = PMP3AMXY6R;
				ENABLE_PREVIEWS = YES;
				GENERATE_INFOPLIST_FILE = YES;
				INFOPLIST_KEY_UIApplicationSceneManifest_Generation = YES;
				INFOPLIST_KEY_UIApplicationSupportsIndirectInputEvents = YES;
				INFOPLIST_KEY_UILaunchScreen_Generation = YES;
				INFOPLIST_KEY_UISupportedInterfaceOrientations_iPad = "UIInterfaceOrientationPortrait UIInterfaceOrientationPortraitUpsideDown UIInterfaceOrientationLandscapeLeft UIInterfaceOrientationLandscapeRight";
				INFOPLIST_KEY_UISupportedInterfaceOrientations_iPhone = "UIInterfaceOrientationPortrait UIInterfaceOrientationLandscapeLeft UIInterfaceOrientationLandscapeRight";
				LD_RUNPATH_SEARCH_PATHS = (
					"$(inherited)",
					"@executable_path/Frameworks",
				);
				MARKETING_VERSION = 1.0;
				PRODUCT_BUNDLE_IDENTIFIER = com.brukewondessen.ChitChat;
				PRODUCT_NAME = "$(TARGET_NAME)";
				SWIFT_EMIT_LOC_STRINGS = YES;
				SWIFT_VERSION = 5.0;
				TARGETED_DEVICE_FAMILY = "1,2";
			};
			name = Debug;
		};
		6913D1CC2AF4648D0076646A /* Release */ = {
			isa = XCBuildConfiguration;
			buildSettings = {
				ASSETCATALOG_COMPILER_APPICON_NAME = AppIcon;
				ASSETCATALOG_COMPILER_GLOBAL_ACCENT_COLOR_NAME = AccentColor;
				CODE_SIGN_STYLE = Automatic;
				CURRENT_PROJECT_VERSION = 1;
				DEVELOPMENT_ASSET_PATHS = "\"ChitChat/Preview Content\"";
				DEVELOPMENT_TEAM = PMP3AMXY6R;
				ENABLE_PREVIEWS = YES;
				GENERATE_INFOPLIST_FILE = YES;
				INFOPLIST_KEY_UIApplicationSceneManifest_Generation = YES;
				INFOPLIST_KEY_UIApplicationSupportsIndirectInputEvents = YES;
				INFOPLIST_KEY_UILaunchScreen_Generation = YES;
				INFOPLIST_KEY_UISupportedInterfaceOrientations_iPad = "UIInterfaceOrientationPortrait UIInterfaceOrientationPortraitUpsideDown UIInterfaceOrientationLandscapeLeft UIInterfaceOrientationLandscapeRight";
				INFOPLIST_KEY_UISupportedInterfaceOrientations_iPhone = "UIInterfaceOrientationPortrait UIInterfaceOrientationLandscapeLeft UIInterfaceOrientationLandscapeRight";
				LD_RUNPATH_SEARCH_PATHS = (
					"$(inherited)",
					"@executable_path/Frameworks",
				);
				MARKETING_VERSION = 1.0;
				PRODUCT_BUNDLE_IDENTIFIER = com.brukewondessen.ChitChat;
				PRODUCT_NAME = "$(TARGET_NAME)";
				SWIFT_EMIT_LOC_STRINGS = YES;
				SWIFT_VERSION = 5.0;
				TARGETED_DEVICE_FAMILY = "1,2";
			};
			name = Release;
		};
		6913D1CE2AF4648D0076646A /* Debug */ = {
			isa = XCBuildConfiguration;
			buildSettings = {
				ALWAYS_EMBED_SWIFT_STANDARD_LIBRARIES = YES;
				BUNDLE_LOADER = "$(TEST_HOST)";
				CODE_SIGN_STYLE = Automatic;
				CURRENT_PROJECT_VERSION = 1;
				DEVELOPMENT_TEAM = PMP3AMXY6R;
				GENERATE_INFOPLIST_FILE = YES;
				IPHONEOS_DEPLOYMENT_TARGET = 17.0;
				MARKETING_VERSION = 1.0;
				PRODUCT_BUNDLE_IDENTIFIER = com.brukewondessen.ChitChatTests;
				PRODUCT_NAME = "$(TARGET_NAME)";
				SWIFT_EMIT_LOC_STRINGS = NO;
				SWIFT_VERSION = 5.0;
				TARGETED_DEVICE_FAMILY = "1,2";
				TEST_HOST = "$(BUILT_PRODUCTS_DIR)/ChitChat.app/$(BUNDLE_EXECUTABLE_FOLDER_PATH)/ChitChat";
			};
			name = Debug;
		};
		6913D1CF2AF4648D0076646A /* Release */ = {
			isa = XCBuildConfiguration;
			buildSettings = {
				ALWAYS_EMBED_SWIFT_STANDARD_LIBRARIES = YES;
				BUNDLE_LOADER = "$(TEST_HOST)";
				CODE_SIGN_STYLE = Automatic;
				CURRENT_PROJECT_VERSION = 1;
				DEVELOPMENT_TEAM = PMP3AMXY6R;
				GENERATE_INFOPLIST_FILE = YES;
				IPHONEOS_DEPLOYMENT_TARGET = 17.0;
				MARKETING_VERSION = 1.0;
				PRODUCT_BUNDLE_IDENTIFIER = com.brukewondessen.ChitChatTests;
				PRODUCT_NAME = "$(TARGET_NAME)";
				SWIFT_EMIT_LOC_STRINGS = NO;
				SWIFT_VERSION = 5.0;
				TARGETED_DEVICE_FAMILY = "1,2";
				TEST_HOST = "$(BUILT_PRODUCTS_DIR)/ChitChat.app/$(BUNDLE_EXECUTABLE_FOLDER_PATH)/ChitChat";
			};
			name = Release;
		};
		6913D1D12AF4648D0076646A /* Debug */ = {
			isa = XCBuildConfiguration;
			buildSettings = {
				ALWAYS_EMBED_SWIFT_STANDARD_LIBRARIES = YES;
				CODE_SIGN_STYLE = Automatic;
				CURRENT_PROJECT_VERSION = 1;
				DEVELOPMENT_TEAM = PMP3AMXY6R;
				GENERATE_INFOPLIST_FILE = YES;
				MARKETING_VERSION = 1.0;
				PRODUCT_BUNDLE_IDENTIFIER = com.brukewondessen.ChitChatUITests;
				PRODUCT_NAME = "$(TARGET_NAME)";
				SWIFT_EMIT_LOC_STRINGS = NO;
				SWIFT_VERSION = 5.0;
				TARGETED_DEVICE_FAMILY = "1,2";
				TEST_TARGET_NAME = ChitChat;
			};
			name = Debug;
		};
		6913D1D22AF4648D0076646A /* Release */ = {
			isa = XCBuildConfiguration;
			buildSettings = {
				ALWAYS_EMBED_SWIFT_STANDARD_LIBRARIES = YES;
				CODE_SIGN_STYLE = Automatic;
				CURRENT_PROJECT_VERSION = 1;
				DEVELOPMENT_TEAM = PMP3AMXY6R;
				GENERATE_INFOPLIST_FILE = YES;
				MARKETING_VERSION = 1.0;
				PRODUCT_BUNDLE_IDENTIFIER = com.brukewondessen.ChitChatUITests;
				PRODUCT_NAME = "$(TARGET_NAME)";
				SWIFT_EMIT_LOC_STRINGS = NO;
				SWIFT_VERSION = 5.0;
				TARGETED_DEVICE_FAMILY = "1,2";
				TEST_TARGET_NAME = ChitChat;
			};
			name = Release;
		};
/* End XCBuildConfiguration section */

/* Begin XCConfigurationList section */
		6913D1A12AF4648B0076646A /* Build configuration list for PBXProject "ChitChat" */ = {
			isa = XCConfigurationList;
			buildConfigurations = (
				6913D1C82AF4648D0076646A /* Debug */,
				6913D1C92AF4648D0076646A /* Release */,
			);
			defaultConfigurationIsVisible = 0;
			defaultConfigurationName = Release;
		};
		6913D1CA2AF4648D0076646A /* Build configuration list for PBXNativeTarget "ChitChat" */ = {
			isa = XCConfigurationList;
			buildConfigurations = (
				6913D1CB2AF4648D0076646A /* Debug */,
				6913D1CC2AF4648D0076646A /* Release */,
			);
			defaultConfigurationIsVisible = 0;
			defaultConfigurationName = Release;
		};
		6913D1CD2AF4648D0076646A /* Build configuration list for PBXNativeTarget "ChitChatTests" */ = {
			isa = XCConfigurationList;
			buildConfigurations = (
				6913D1CE2AF4648D0076646A /* Debug */,
				6913D1CF2AF4648D0076646A /* Release */,
			);
			defaultConfigurationIsVisible = 0;
			defaultConfigurationName = Release;
		};
		6913D1D02AF4648D0076646A /* Build configuration list for PBXNativeTarget "ChitChatUITests" */ = {
			isa = XCConfigurationList;
			buildConfigurations = (
				6913D1D12AF4648D0076646A /* Debug */,
				6913D1D22AF4648D0076646A /* Release */,
			);
			defaultConfigurationIsVisible = 0;
			defaultConfigurationName = Release;
		};
/* End XCConfigurationList section */
	};
	rootObject = 6913D19E2AF4648B0076646A /* Project object */;
}
